
Microsoft Visual Studio Solution File, Format Version 12.00
# Visual Studio Version 16
VisualStudioVersion = 16.0.32228.343
MinimumVisualStudioVersion = 10.0.40219.1
Project("{9A19103F-16F7-4668-BE54-9A1E7A4F7556}") = "Market", "Market\Market.csproj", "{768CC356-7BA7-46BF-9824-610D2CFD7C06}"
EndProject
Project("{9A19103F-16F7-4668-BE54-9A1E7A4F7556}") = "Market.Domain", "Market.Domain\Market.Domain.csproj", "{B059DC6B-CAC4-4133-B75F-F5D272F92BEC}"
EndProject
Project("{FAE04EC0-301F-11D3-BF4B-00C04F79EFBC}") = "Market.DAL", "Market.DAL\Market.DAL.csproj", "{578477C9-5BC8-47AC-8533-25980FCFBBC7}"
EndProject
Global
	GlobalSection(SolutionConfigurationPlatforms) = preSolution
		Debug|Any CPU = Debug|Any CPU
		Release|Any CPU = Release|Any CPU
	EndGlobalSection
	GlobalSection(ProjectConfigurationPlatforms) = postSolution
		{768CC356-7BA7-46BF-9824-610D2CFD7C06}.Debug|Any CPU.ActiveCfg = Debug|Any CPU
		{768CC356-7BA7-46BF-9824-610D2CFD7C06}.Debug|Any CPU.Build.0 = Debug|Any CPU
		{768CC356-7BA7-46BF-9824-610D2CFD7C06}.Release|Any CPU.ActiveCfg = Release|Any CPU
		{768CC356-7BA7-46BF-9824-610D2CFD7C06}.Release|Any CPU.Build.0 = Release|Any CPU
		{B059DC6B-CAC4-4133-B75F-F5D272F92BEC}.Debug|Any CPU.ActiveCfg = Debug|Any CPU
		{B059DC6B-CAC4-4133-B75F-F5D272F92BEC}.Debug|Any CPU.Build.0 = Debug|Any CPU
		{B059DC6B-CAC4-4133-B75F-F5D272F92BEC}.Release|Any CPU.ActiveCfg = Release|Any CPU
		{B059DC6B-CAC4-4133-B75F-F5D272F92BEC}.Release|Any CPU.Build.0 = Release|Any CPU
		{578477C9-5BC8-47AC-8533-25980FCFBBC7}.Debug|Any CPU.ActiveCfg = Debug|Any CPU
		{578477C9-5BC8-47AC-8533-25980FCFBBC7}.Debug|Any CPU.Build.0 = Debug|Any CPU
		{578477C9-5BC8-47AC-8533-25980FCFBBC7}.Release|Any CPU.ActiveCfg = Release|Any CPU
		{578477C9-5BC8-47AC-8533-25980FCFBBC7}.Release|Any CPU.Build.0 = Release|Any CPU
	EndGlobalSection
	GlobalSection(SolutionProperties) = preSolution
		HideSolutionNode = FALSE
	EndGlobalSection
	GlobalSection(ExtensibilityGlobals) = postSolution
		SolutionGuid = {3D4A364A-5719-42E5-A575-C5CD74C844ED}
	EndGlobalSection
EndGlobal
